
Microsoft Visual Studio Solution File, Format Version 12.00
# Visual Studio Version 16
VisualStudioVersion = 16.0.29230.47
MinimumVisualStudioVersion = 10.0.40219.1
Project("{FAE04EC0-301F-11D3-BF4B-00C04F79EFBC}") = "LatvanyossagokAplication", "LatvanyossagokAplication.csproj", "{5B083AC7-F629-4883-8601-2D648DF5BB59}"
EndProject
Global
	GlobalSection(SolutionConfigurationPlatforms) = preSolution
		Debug|Any CPU = Debug|Any CPU
		Release|Any CPU = Release|Any CPU
	EndGlobalSection
	GlobalSection(ProjectConfigurationPlatforms) = postSolution
		{5B083AC7-F629-4883-8601-2D648DF5BB59}.Debug|Any CPU.ActiveCfg = Debug|Any CPU
		{5B083AC7-F629-4883-8601-2D648DF5BB59}.Debug|Any CPU.Build.0 = Debug|Any CPU
		{5B083AC7-F629-4883-8601-2D648DF5BB59}.Release|Any CPU.ActiveCfg = Release|Any CPU
		{5B083AC7-F629-4883-8601-2D648DF5BB59}.Release|Any CPU.Build.0 = Release|Any CPU
	EndGlobalSection
	GlobalSection(SolutionProperties) = preSolution
		HideSolutionNode = FALSE
	EndGlobalSection
	GlobalSection(ExtensibilityGlobals) = postSolution
		SolutionGuid = {2CF26F68-09DF-4EDF-B0C7-EB400B2436A1}
	EndGlobalSection
EndGlobal
